// !$*UTF8*$!
{
	archiveVersion = 1;
	classes = {
	};
	objectVersion = 77;
	objects = {

/* Begin PBXContainerItemProxy section */
		FE13132A2E940BEB00D74E97 /* PBXContainerItemProxy */ = {
			isa = PBXContainerItemProxy;
			containerPortal = FE1313142E940BEA00D74E97 /* Project object */;
			proxyType = 1;
			remoteGlobalIDString = FE13131B2E940BEA00D74E97;
			remoteInfo = "swift slots";
		};
		FE1313342E940BEB00D74E97 /* PBXContainerItemProxy */ = {
			isa = PBXContainerItemProxy;
			containerPortal = FE1313142E940BEA00D74E97 /* Project object */;
			proxyType = 1;
			remoteGlobalIDString = FE13131B2E940BEA00D74E97;
			remoteInfo = "swift slots";
		};
/* End PBXContainerItemProxy section */

/* Begin PBXFileReference section */
		FE13131C2E940BEA00D74E97 /* swift slots.app */ = {isa = PBXFileReference; explicitFileType = wrapper.application; includeInIndex = 0; path = "swift slots.app"; sourceTree = BUILT_PRODUCTS_DIR; };
		FE1313292E940BEB00D74E97 /* swift slotsTests.xctest */ = {isa = PBXFileReference; explicitFileType = wrapper.cfbundle; includeInIndex = 0; path = "swift slotsTests.xctest"; sourceTree = BUILT_PRODUCTS_DIR; };
		FE1313332E940BEB00D74E97 /* swift slotsUITests.xctest */ = {isa = PBXFileReference; explicitFileType = wrapper.cfbundle; includeInIndex = 0; path = "swift slotsUITests.xctest"; sourceTree = BUILT_PRODUCTS_DIR; };
/* End PBXFileReference section */

/* Begin PBXFileSystemSynchronizedRootGroup section */
		FE13131E2E940BEA00D74E97 /* swift slots */ = {
			isa = PBXFileSystemSynchronizedRootGroup;
			path = "swift slots";
			sourceTree = "<group>";
		};
		FE13132C2E940BEB00D74E97 /* swift slotsTests */ = {
			isa = PBXFileSystemSynchronizedRootGroup;
			path = "swift slotsTests";
			sourceTree = "<group>";
		};
		FE1313362E940BEB00D74E97 /* swift slotsUITests */ = {
			isa = PBXFileSystemSynchronizedRootGroup;
			path = "swift slotsUITests";
			sourceTree = "<group>";
		};
/* End PBXFileSystemSynchronizedRootGroup section */

/* Begin PBXFrameworksBuildPhase section */
		FE1313192E940BEA00D74E97 /* Frameworks */ = {
			isa = PBXFrameworksBuildPhase;
			buildActionMask = 2147483647;
			files = (
			);
			runOnlyForDeploymentPostprocessing = 0;
		};
		FE1313262E940BEB00D74E97 /* Frameworks */ = {
			isa = PBXFrameworksBuildPhase;
			buildActionMask = 2147483647;
			files = (
			);
			runOnlyForDeploymentPostprocessing = 0;
		};
		FE1313302E940BEB00D74E97 /* Frameworks */ = {
			isa = PBXFrameworksBuildPhase;
			buildActionMask = 2147483647;
			files = (
			);
			runOnlyForDeploymentPostprocessing = 0;
		};
/* End PBXFrameworksBuildPhase section */

/* Begin PBXGroup section */
		FE1313132E940BEA00D74E97 = {
			isa = PBXGroup;
			children = (
				FE13131E2E940BEA00D74E97 /* swift slots */,
				FE13132C2E940BEB00D74E97 /* swift slotsTests */,
				FE1313362E940BEB00D74E97 /* swift slotsUITests */,
				FE13131D2E940BEA00D74E97 /* Products */,
			);
			sourceTree = "<group>";
		};
		FE13131D2E940BEA00D74E97 /* Products */ = {
			isa = PBXGroup;
			children = (
				FE13131C2E940BEA00D74E97 /* swift slots.app */,
				FE1313292E940BEB00D74E97 /* swift slotsTests.xctest */,
				FE1313332E940BEB00D74E97 /* swift slotsUITests.xctest */,
			);
			name = Products;
			sourceTree = "<group>";
		};
/* End PBXGroup section */

/* Begin PBXNativeTarget section */
		FE13131B2E940BEA00D74E97 /* swift slots */ = {
			isa = PBXNativeTarget;
			buildConfigurationList = FE13133D2E940BEB00D74E97 /* Build configuration list for PBXNativeTarget "swift slots" */;
			buildPhases = (
				FE1313182E940BEA00D74E97 /* Sources */,
				FE1313192E940BEA00D74E97 /* Frameworks */,
				FE13131A2E940BEA00D74E97 /* Resources */,
			);
			buildRules = (
			);
			dependencies = (
			);
			fileSystemSynchronizedGroups = (
				FE13131E2E940BEA00D74E97 /* swift slots */,
			);
			name = "swift slots";
			packageProductDependencies = (
			);
			productName = "swift slots";
			productReference = FE13131C2E940BEA00D74E97 /* swift slots.app */;
			productType = "com.apple.product-type.application";
		};
		FE1313282E940BEB00D74E97 /* swift slotsTests */ = {
			isa = PBXNativeTarget;
			buildConfigurationList = FE1313402E940BEB00D74E97 /* Build configuration list for PBXNativeTarget "swift slotsTests" */;
			buildPhases = (
				FE1313252E940BEB00D74E97 /* Sources */,
				FE1313262E940BEB00D74E97 /* Frameworks */,
				FE1313272E940BEB00D74E97 /* Resources */,
			);
			buildRules = (
			);
			dependencies = (
				FE13132B2E940BEB00D74E97 /* PBXTargetDependency */,
			);
			fileSystemSynchronizedGroups = (
				FE13132C2E940BEB00D74E97 /* swift slotsTests */,
			);
			name = "swift slotsTests";
			packageProductDependencies = (
			);
			productName = "swift slotsTests";
			productReference = FE1313292E940BEB00D74E97 /* swift slotsTests.xctest */;
			productType = "com.apple.product-type.bundle.unit-test";
		};
		FE1313322E940BEB00D74E97 /* swift slotsUITests */ = {
			isa = PBXNativeTarget;
			buildConfigurationList = FE1313432E940BEB00D74E97 /* Build configuration list for PBXNativeTarget "swift slotsUITests" */;
			buildPhases = (
				FE13132F2E940BEB00D74E97 /* Sources */,
				FE1313302E940BEB00D74E97 /* Frameworks */,
				FE1313312E940BEB00D74E97 /* Resources */,
			);
			buildRules = (
			);
			dependencies = (
				FE1313352E940BEB00D74E97 /* PBXTargetDependency */,
			);
			fileSystemSynchronizedGroups = (
				FE1313362E940BEB00D74E97 /* swift slotsUITests */,
			);
			name = "swift slotsUITests";
			packageProductDependencies = (
			);
			productName = "swift slotsUITests";
			productReference = FE1313332E940BEB00D74E97 /* swift slotsUITests.xctest */;
			productType = "com.apple.product-type.bundle.ui-testing";
		};
/* End PBXNativeTarget section */

/* Begin PBXProject section */
		FE1313142E940BEA00D74E97 /* Project object */ = {
			isa = PBXProject;
			attributes = {
				BuildIndependentTargetsInParallel = 1;
				LastSwiftUpdateCheck = 1630;
				LastUpgradeCheck = 1630;
				TargetAttributes = {
					FE13131B2E940BEA00D74E97 = {
						CreatedOnToolsVersion = 16.3;
					};
					FE1313282E940BEB00D74E97 = {
						CreatedOnToolsVersion = 16.3;
						TestTargetID = FE13131B2E940BEA00D74E97;
					};
					FE1313322E940BEB00D74E97 = {
						CreatedOnToolsVersion = 16.3;
						TestTargetID = FE13131B2E940BEA00D74E97;
					};
				};
			};
			buildConfigurationList = FE1313172E940BEA00D74E97 /* Build configuration list for PBXProject "swift slots" */;
			developmentRegion = en;
			hasScannedForEncodings = 0;
			knownRegions = (
				en,
				Base,
			);
			mainGroup = FE1313132E940BEA00D74E97;
			minimizedProjectReferenceProxies = 1;
			preferredProjectObjectVersion = 77;
			productRefGroup = FE13131D2E940BEA00D74E97 /* Products */;
			projectDirPath = "";
			projectRoot = "";
			targets = (
				FE13131B2E940BEA00D74E97 /* swift slots */,
				FE1313282E940BEB00D74E97 /* swift slotsTests */,
				FE1313322E940BEB00D74E97 /* swift slotsUITests */,
			);
		};
/* End PBXProject section */

/* Begin PBXResourcesBuildPhase section */
		FE13131A2E940BEA00D74E97 /* Resources */ = {
			isa = PBXResourcesBuildPhase;
			buildActionMask = 2147483647;
			files = (
			);
			runOnlyForDeploymentPostprocessing = 0;
		};
		FE1313272E940BEB00D74E97 /* Resources */ = {
			isa = PBXResourcesBuildPhase;
			buildActionMask = 2147483647;
			files = (
			);
			runOnlyForDeploymentPostprocessing = 0;
		};
		FE1313312E940BEB00D74E97 /* Resources */ = {
			isa = PBXResourcesBuildPhase;
			buildActionMask = 2147483647;
			files = (
			);
			runOnlyForDeploymentPostprocessing = 0;
		};
/* End PBXResourcesBuildPhase section */

/* Begin PBXSourcesBuildPhase section */
		FE1313182E940BEA00D74E97 /* Sources */ = {
			isa = PBXSourcesBuildPhase;
			buildActionMask = 2147483647;
			files = (
			);
			runOnlyForDeploymentPostprocessing = 0;
		};
		FE1313252E940BEB00D74E97 /* Sources */ = {
			isa = PBXSourcesBuildPhase;
			buildActionMask = 2147483647;
			files = (
			);
			runOnlyForDeploymentPostprocessing = 0;
		};
		FE13132F2E940BEB00D74E97 /* Sources */ = {
			isa = PBXSourcesBuildPhase;
			buildActionMask = 2147483647;
			files = (
			);
			runOnlyForDeploymentPostprocessing = 0;
		};
/* End PBXSourcesBuildPhase section */

/* Begin PBXTargetDependency section */
		FE13132B2E940BEB00D74E97 /* PBXTargetDependency */ = {
			isa = PBXTargetDependency;
			target = FE13131B2E940BEA00D74E97 /* swift slots */;
			targetProxy = FE13132A2E940BEB00D74E97 /* PBXContainerItemProxy */;
		};
		FE1313352E940BEB00D74E97 /* PBXTargetDependency */ = {
			isa = PBXTargetDependency;
			target = FE13131B2E940BEA00D74E97 /* swift slots */;
			targetProxy = FE1313342E940BEB00D74E97 /* PBXContainerItemProxy */;
		};
/* End PBXTargetDependency section */

/* Begin XCBuildConfiguration section */
		FE13133B2E940BEB00D74E97 /* Debug */ = {
			isa = XCBuildConfiguration;
			buildSettings = {
				ALWAYS_SEARCH_USER_PATHS = NO;
				ASSETCATALOG_COMPILER_GENERATE_SWIFT_ASSET_SYMBOL_EXTENSIONS = YES;
				CLANG_ANALYZER_NONNULL = YES;
				CLANG_ANALYZER_NUMBER_OBJECT_CONVERSION = YES_AGGRESSIVE;
				CLANG_CXX_LANGUAGE_STANDARD = "gnu++20";
				CLANG_ENABLE_MODULES = YES;
				CLANG_ENABLE_OBJC_ARC = YES;
				CLANG_ENABLE_OBJC_WEAK = YES;
				CLANG_WARN_BLOCK_CAPTURE_AUTORELEASING = YES;
				CLANG_WARN_BOOL_CONVERSION = YES;
				CLANG_WARN_COMMA = YES;
				CLANG_WARN_CONSTANT_CONVERSION = YES;
				CLANG_WARN_DEPRECATED_OBJC_IMPLEMENTATIONS = YES;
				CLANG_WARN_DIRECT_OBJC_ISA_USAGE = YES_ERROR;
				CLANG_WARN_DOCUMENTATION_COMMENTS = YES;
				CLANG_WARN_EMPTY_BODY = YES;
				CLANG_WARN_ENUM_CONVERSION = YES;
				CLANG_WARN_INFINITE_RECURSION = YES;
				CLANG_WARN_INT_CONVERSION = YES;
				CLANG_WARN_NON_LITERAL_NULL_CONVERSION = YES;
				CLANG_WARN_OBJC_IMPLICIT_RETAIN_SELF = YES;
				CLANG_WARN_OBJC_LITERAL_CONVERSION = YES;
				CLANG_WARN_OBJC_ROOT_CLASS = YES_ERROR;
				CLANG_WARN_QUOTED_INCLUDE_IN_FRAMEWORK_HEADER = YES;
				CLANG_WARN_RANGE_LOOP_ANALYSIS = YES;
				CLANG_WARN_STRICT_PROTOTYPES = YES;
				CLANG_WARN_SUSPICIOUS_MOVE = YES;
				CLANG_WARN_UNGUARDED_AVAILABILITY = YES_AGGRESSIVE;
				CLANG_WARN_UNREACHABLE_CODE = YES;
				CLANG_WARN__DUPLICATE_METHOD_MATCH = YES;
				COPY_PHASE_STRIP = NO;
				DEBUG_INFORMATION_FORMAT = dwarf;
				ENABLE_STRICT_OBJC_MSGSEND = YES;
				ENABLE_TESTABILITY = YES;
				ENABLE_USER_SCRIPT_SANDBOXING = YES;
				GCC_C_LANGUAGE_STANDARD = gnu17;
				GCC_DYNAMIC_NO_PIC = NO;
				GCC_NO_COMMON_BLOCKS = YES;
				GCC_OPTIMIZATION_LEVEL = 0;
				GCC_PREPROCESSOR_DEFINITIONS = (
					"DEBUG=1",
					"$(inherited)",
				);
				GCC_WARN_64_TO_32_BIT_CONVERSION = YES;
				GCC_WARN_ABOUT_RETURN_TYPE = YES_ERROR;
				GCC_WARN_UNDECLARED_SELECTOR = YES;
				GCC_WARN_UNINITIALIZED_AUTOS = YES_AGGRESSIVE;
				GCC_WARN_UNUSED_FUNCTION = YES;
				GCC_WARN_UNUSED_VARIABLE = YES;
				IPHONEOS_DEPLOYMENT_TARGET = 18.4;
				LOCALIZATION_PREFERS_STRING_CATALOGS = YES;
				MTL_ENABLE_DEBUG_INFO = INCLUDE_SOURCE;
				MTL_FAST_MATH = YES;
				ONLY_ACTIVE_ARCH = YES;
				SDKROOT = iphoneos;
				SWIFT_ACTIVE_COMPILATION_CONDITIONS = "DEBUG $(inherited)";
				SWIFT_OPTIMIZATION_LEVEL = "-Onone";
			};
			name = Debug;
		};
		FE13133C2E940BEB00D74E97 /* Release */ = {
			isa = XCBuildConfiguration;
			buildSettings = {
				ALWAYS_SEARCH_USER_PATHS = NO;
				ASSETCATALOG_COMPILER_GENERATE_SWIFT_ASSET_SYMBOL_EXTENSIONS = YES;
				CLANG_ANALYZER_NONNULL = YES;
				CLANG_ANALYZER_NUMBER_OBJECT_CONVERSION = YES_AGGRESSIVE;
				CLANG_CXX_LANGUAGE_STANDARD = "gnu++20";
				CLANG_ENABLE_MODULES = YES;
				CLANG_ENABLE_OBJC_ARC = YES;
				CLANG_ENABLE_OBJC_WEAK = YES;
				CLANG_WARN_BLOCK_CAPTURE_AUTORELEASING = YES;
				CLANG_WARN_BOOL_CONVERSION = YES;
				CLANG_WARN_COMMA = YES;
				CLANG_WARN_CONSTANT_CONVERSION = YES;
				CLANG_WARN_DEPRECATED_OBJC_IMPLEMENTATIONS = YES;
				CLANG_WARN_DIRECT_OBJC_ISA_USAGE = YES_ERROR;
				CLANG_WARN_DOCUMENTATION_COMMENTS = YES;
				CLANG_WARN_EMPTY_BODY = YES;
				CLANG_WARN_ENUM_CONVERSION = YES;
				CLANG_WARN_INFINITE_RECURSION = YES;
				CLANG_WARN_INT_CONVERSION = YES;
				CLANG_WARN_NON_LITERAL_NULL_CONVERSION = YES;
				CLANG_WARN_OBJC_IMPLICIT_RETAIN_SELF = YES;
				CLANG_WARN_OBJC_LITERAL_CONVERSION = YES;
				CLANG_WARN_OBJC_ROOT_CLASS = YES_ERROR;
				CLANG_WARN_QUOTED_INCLUDE_IN_FRAMEWORK_HEADER = YES;
				CLANG_WARN_RANGE_LOOP_ANALYSIS = YES;
				CLANG_WARN_STRICT_PROTOTYPES = YES;
				CLANG_WARN_SUSPICIOUS_MOVE = YES;
				CLANG_WARN_UNGUARDED_AVAILABILITY = YES_AGGRESSIVE;
				CLANG_WARN_UNREACHABLE_CODE = YES;
				CLANG_WARN__DUPLICATE_METHOD_MATCH = YES;
				COPY_PHASE_STRIP = NO;
				DEBUG_INFORMATION_FORMAT = "dwarf-with-dsym";
				ENABLE_NS_ASSERTIONS = NO;
				ENABLE_STRICT_OBJC_MSGSEND = YES;
				ENABLE_USER_SCRIPT_SANDBOXING = YES;
				GCC_C_LANGUAGE_STANDARD = gnu17;
				GCC_NO_COMMON_BLOCKS = YES;
				GCC_WARN_64_TO_32_BIT_CONVERSION = YES;
				GCC_WARN_ABOUT_RETURN_TYPE = YES_ERROR;
				GCC_WARN_UNDECLARED_SELECTOR = YES;
				GCC_WARN_UNINITIALIZED_AUTOS = YES_AGGRESSIVE;
				GCC_WARN_UNUSED_FUNCTION = YES;
				GCC_WARN_UNUSED_VARIABLE = YES;
				IPHONEOS_DEPLOYMENT_TARGET = 18.4;
				LOCALIZATION_PREFERS_STRING_CATALOGS = YES;
				MTL_ENABLE_DEBUG_INFO = NO;
				MTL_FAST_MATH = YES;
				SDKROOT = iphoneos;
				SWIFT_COMPILATION_MODE = wholemodule;
				VALIDATE_PRODUCT = YES;
			};
			name = Release;
		};
		FE13133E2E940BEB00D74E97 /* Debug */ = {
			isa = XCBuildConfiguration;
			buildSettings = {
				ASSETCATALOG_COMPILER_APPICON_NAME = AppIcon;
				ASSETCATALOG_COMPILER_GLOBAL_ACCENT_COLOR_NAME = AccentColor;
				CODE_SIGN_STYLE = Automatic;
				CURRENT_PROJECT_VERSION = 1;
				ENABLE_PREVIEWS = YES;
				GENERATE_INFOPLIST_FILE = YES;
				INFOPLIST_KEY_UIApplicationSceneManifest_Generation = YES;
				INFOPLIST_KEY_UIApplicationSupportsIndirectInputEvents = YES;
				INFOPLIST_KEY_UILaunchScreen_Generation = YES;
				INFOPLIST_KEY_UISupportedInterfaceOrientations_iPad = "UIInterfaceOrientationPortrait UIInterfaceOrientationPortraitUpsideDown UIInterfaceOrientationLandscapeLeft UIInterfaceOrientationLandscapeRight";
				INFOPLIST_KEY_UISupportedInterfaceOrientations_iPhone = "UIInterfaceOrientationPortrait UIInterfaceOrientationLandscapeLeft UIInterfaceOrientationLandscapeRight";
				LD_RUNPATH_SEARCH_PATHS = (
					"$(inherited)",
					"@executable_path/Frameworks",
				);
				MARKETING_VERSION = 1.0;
				PRODUCT_BUNDLE_IDENTIFIER = "com.jgarza.swift-slots";
				PRODUCT_NAME = "$(TARGET_NAME)";
				SWIFT_EMIT_LOC_STRINGS = YES;
				SWIFT_VERSION = 5.0;
				TARGETED_DEVICE_FAMILY = "1,2";
			};
			name = Debug;
		};
		FE13133F2E940BEB00D74E97 /* Release */ = {
			isa = XCBuildConfiguration;
			buildSettings = {
				ASSETCATALOG_COMPILER_APPICON_NAME = AppIcon;
				ASSETCATALOG_COMPILER_GLOBAL_ACCENT_COLOR_NAME = AccentColor;
				CODE_SIGN_STYLE = Automatic;
				CURRENT_PROJECT_VERSION = 1;
				ENABLE_PREVIEWS = YES;
				GENERATE_INFOPLIST_FILE = YES;
				INFOPLIST_KEY_UIApplicationSceneManifest_Generation = YES;
				INFOPLIST_KEY_UIApplicationSupportsIndirectInputEvents = YES;
				INFOPLIST_KEY_UILaunchScreen_Generation = YES;
				INFOPLIST_KEY_UISupportedInterfaceOrientations_iPad = "UIInterfaceOrientationPortrait UIInterfaceOrientationPortraitUpsideDown UIInterfaceOrientationLandscapeLeft UIInterfaceOrientationLandscapeRight";
				INFOPLIST_KEY_UISupportedInterfaceOrientations_iPhone = "UIInterfaceOrientationPortrait UIInterfaceOrientationLandscapeLeft UIInterfaceOrientationLandscapeRight";
				LD_RUNPATH_SEARCH_PATHS = (
					"$(inherited)",
					"@executable_path/Frameworks",
				);
				MARKETING_VERSION = 1.0;
				PRODUCT_BUNDLE_IDENTIFIER = "com.jgarza.swift-slots";
				PRODUCT_NAME = "$(TARGET_NAME)";
				SWIFT_EMIT_LOC_STRINGS = YES;
				SWIFT_VERSION = 5.0;
				TARGETED_DEVICE_FAMILY = "1,2";
			};
			name = Release;
		};
		FE1313412E940BEB00D74E97 /* Debug */ = {
			isa = XCBuildConfiguration;
			buildSettings = {
				BUNDLE_LOADER = "$(TEST_HOST)";
				CODE_SIGN_STYLE = Automatic;
				CURRENT_PROJECT_VERSION = 1;
				GENERATE_INFOPLIST_FILE = YES;
				IPHONEOS_DEPLOYMENT_TARGET = 18.4;
				MARKETING_VERSION = 1.0;
				PRODUCT_BUNDLE_IDENTIFIER = "com.jgarza.swift-slotsTests";
				PRODUCT_NAME = "$(TARGET_NAME)";
				SWIFT_EMIT_LOC_STRINGS = NO;
				SWIFT_VERSION = 5.0;
				TARGETED_DEVICE_FAMILY = "1,2";
				TEST_HOST = "$(BUILT_PRODUCTS_DIR)/swift slots.app/$(BUNDLE_EXECUTABLE_FOLDER_PATH)/swift slots";
			};
			name = Debug;
		};
		FE1313422E940BEB00D74E97 /* Release */ = {
			isa = XCBuildConfiguration;
			buildSettings = {
				BUNDLE_LOADER = "$(TEST_HOST)";
				CODE_SIGN_STYLE = Automatic;
				CURRENT_PROJECT_VERSION = 1;
				GENERATE_INFOPLIST_FILE = YES;
				IPHONEOS_DEPLOYMENT_TARGET = 18.4;
				MARKETING_VERSION = 1.0;
				PRODUCT_BUNDLE_IDENTIFIER = "com.jgarza.swift-slotsTests";
				PRODUCT_NAME = "$(TARGET_NAME)";
				SWIFT_EMIT_LOC_STRINGS = NO;
				SWIFT_VERSION = 5.0;
				TARGETED_DEVICE_FAMILY = "1,2";
				TEST_HOST = "$(BUILT_PRODUCTS_DIR)/swift slots.app/$(BUNDLE_EXECUTABLE_FOLDER_PATH)/swift slots";
			};
			name = Release;
		};
		FE1313442E940BEB00D74E97 /* Debug */ = {
			isa = XCBuildConfiguration;
			buildSettings = {
				CODE_SIGN_STYLE = Automatic;
				CURRENT_PROJECT_VERSION = 1;
				GENERATE_INFOPLIST_FILE = YES;
				MARKETING_VERSION = 1.0;
				PRODUCT_BUNDLE_IDENTIFIER = "com.jgarza.swift-slotsUITests";
				PRODUCT_NAME = "$(TARGET_NAME)";
				SWIFT_EMIT_LOC_STRINGS = NO;
				SWIFT_VERSION = 5.0;
				TARGETED_DEVICE_FAMILY = "1,2";
				TEST_TARGET_NAME = "swift slots";
			};
			name = Debug;
		};
		FE1313452E940BEB00D74E97 /* Release */ = {
			isa = XCBuildConfiguration;
			buildSettings = {
				CODE_SIGN_STYLE = Automatic;
				CURRENT_PROJECT_VERSION = 1;
				GENERATE_INFOPLIST_FILE = YES;
				MARKETING_VERSION = 1.0;
				PRODUCT_BUNDLE_IDENTIFIER = "com.jgarza.swift-slotsUITests";
				PRODUCT_NAME = "$(TARGET_NAME)";
				SWIFT_EMIT_LOC_STRINGS = NO;
				SWIFT_VERSION = 5.0;
				TARGETED_DEVICE_FAMILY = "1,2";
				TEST_TARGET_NAME = "swift slots";
			};
			name = Release;
		};
/* End XCBuildConfiguration section */

/* Begin XCConfigurationList section */
		FE1313172E940BEA00D74E97 /* Build configuration list for PBXProject "swift slots" */ = {
			isa = XCConfigurationList;
			buildConfigurations = (
				FE13133B2E940BEB00D74E97 /* Debug */,
				FE13133C2E940BEB00D74E97 /* Release */,
			);
			defaultConfigurationIsVisible = 0;
			defaultConfigurationName = Release;
		};
		FE13133D2E940BEB00D74E97 /* Build configuration list for PBXNativeTarget "swift slots" */ = {
			isa = XCConfigurationList;
			buildConfigurations = (
				FE13133E2E940BEB00D74E97 /* Debug */,
				FE13133F2E940BEB00D74E97 /* Release */,
			);
			defaultConfigurationIsVisible = 0;
			defaultConfigurationName = Release;
		};
		FE1313402E940BEB00D74E97 /* Build configuration list for PBXNativeTarget "swift slotsTests" */ = {
			isa = XCConfigurationList;
			buildConfigurations = (
				FE1313412E940BEB00D74E97 /* Debug */,
				FE1313422E940BEB00D74E97 /* Release */,
			);
			defaultConfigurationIsVisible = 0;
			defaultConfigurationName = Release;
		};
		FE1313432E940BEB00D74E97 /* Build configuration list for PBXNativeTarget "swift slotsUITests" */ = {
			isa = XCConfigurationList;
			buildConfigurations = (
				FE1313442E940BEB00D74E97 /* Debug */,
				FE1313452E940BEB00D74E97 /* Release */,
			);
			defaultConfigurationIsVisible = 0;
			defaultConfigurationName = Release;
		};
/* End XCConfigurationList section */
	};
	rootObject = FE1313142E940BEA00D74E97 /* Project object */;
}
